
Microsoft Visual Studio Solution File, Format Version 12.00
# Visual Studio Version 17
VisualStudioVersion = 17.14.35906.104 d17.14
MinimumVisualStudioVersion = 10.0.40219.1
Project("{FAE04EC0-301F-11D3-BF4B-00C04F79EFBC}") = "BinarnoZaporedje1", "BinarnoZaporedje1\BinarnoZaporedje1.csproj", "{55CF3450-B6E1-4ED4-AD46-A3DAE5CE6DAE}"
EndProject
Global
	GlobalSection(SolutionConfigurationPlatforms) = preSolution
		Debug|Any CPU = Debug|Any CPU
		Release|Any CPU = Release|Any CPU
	EndGlobalSection
	GlobalSection(ProjectConfigurationPlatforms) = postSolution
		{55CF3450-B6E1-4ED4-AD46-A3DAE5CE6DAE}.Debug|Any CPU.ActiveCfg = Debug|Any CPU
		{55CF3450-B6E1-4ED4-AD46-A3DAE5CE6DAE}.Debug|Any CPU.Build.0 = Debug|Any CPU
		{55CF3450-B6E1-4ED4-AD46-A3DAE5CE6DAE}.Release|Any CPU.ActiveCfg = Release|Any CPU
		{55CF3450-B6E1-4ED4-AD46-A3DAE5CE6DAE}.Release|Any CPU.Build.0 = Release|Any CPU
	EndGlobalSection
	GlobalSection(SolutionProperties) = preSolution
		HideSolutionNode = FALSE
	EndGlobalSection
	GlobalSection(ExtensibilityGlobals) = postSolution
		SolutionGuid = {893E0C5D-9542-4E3C-AE57-EE2A20951348}
	EndGlobalSection
EndGlobal
